github.com/goburrow/cache v0.1.4 h1:As4KzO3hgmzPlnaMniZU9+VmoNYseUhuELbxy9mRBfw=
github.com/goburrow/cache v0.1.4/go.mod h1:cDFesZDnIlrHoNlMYqqMpCRawuXulgx+y7mXU8HZ+/c=
github.com/zheng-ji/goSnowFlake v0.0.0-20180906112711-fc763800eec9 h1:ut7mClQV2SfS3QCrunYKLXChwNHEx6R/zDHLlqDSbOk=
github.com/zheng-ji/goSnowFlake v0.0.0-20180906112711-fc763800eec9/go.mod h1:N/L8JbBvbc3m0Y38VM1tV4fY1ubU09Q3WFwhBEVyPv4=
